
Microsoft Visual Studio Solution File, Format Version 12.00
# Visual Studio Express 2012 for Windows Phone
Project("{FAE04EC0-301F-11D3-BF4B-00C04F79EFBC}") = "Dice", "Dice\Dice.csproj", "{C3730795-FAA4-41BD-B57A-32410733A644}"
EndProject
Global
	GlobalSection(SolutionConfigurationPlatforms) = preSolution
		Debug|Any CPU = Debug|Any CPU
		Release|Any CPU = Release|Any CPU
	EndGlobalSection
	GlobalSection(ProjectConfigurationPlatforms) = postSolution
		{C3730795-FAA4-41BD-B57A-32410733A644}.Debug|Any CPU.ActiveCfg = Debug|Any CPU
		{C3730795-FAA4-41BD-B57A-32410733A644}.Debug|Any CPU.Build.0 = Debug|Any CPU
		{C3730795-FAA4-41BD-B57A-32410733A644}.Debug|Any CPU.Deploy.0 = Debug|Any CPU
		{C3730795-FAA4-41BD-B57A-32410733A644}.Release|Any CPU.ActiveCfg = Release|Any CPU
		{C3730795-FAA4-41BD-B57A-32410733A644}.Release|Any CPU.Build.0 = Release|Any CPU
		{C3730795-FAA4-41BD-B57A-32410733A644}.Release|Any CPU.Deploy.0 = Release|Any CPU
	EndGlobalSection
	GlobalSection(SolutionProperties) = preSolution
		HideSolutionNode = FALSE
	EndGlobalSection
EndGlobal
